
Microsoft Visual Studio Solution File, Format Version 12.00
# Visual Studio 14
VisualStudioVersion = 14.0.24720.0
MinimumVisualStudioVersion = 10.0.40219.1
Project("{FAE04EC0-301F-11D3-BF4B-00C04F79EFBC}") = "WebApplication2", "WebApplication2\WebApplication2.csproj", "{FA57D497-9605-482B-A040-8B89D968D579}"
EndProject
Project("{FAE04EC0-301F-11D3-BF4B-00C04F79EFBC}") = "WebApplication4", "WebApplication4\WebApplication4.csproj", "{005EECA8-4C18-4087-AC61-E497641E4767}"
EndProject
Global
	GlobalSection(SolutionConfigurationPlatforms) = preSolution
		Debug|Any CPU = Debug|Any CPU
		Release|Any CPU = Release|Any CPU
	EndGlobalSection
	GlobalSection(ProjectConfigurationPlatforms) = postSolution
		{FA57D497-9605-482B-A040-8B89D968D579}.Debug|Any CPU.ActiveCfg = Debug|Any CPU
		{FA57D497-9605-482B-A040-8B89D968D579}.Debug|Any CPU.Build.0 = Debug|Any CPU
		{FA57D497-9605-482B-A040-8B89D968D579}.Release|Any CPU.ActiveCfg = Release|Any CPU
		{FA57D497-9605-482B-A040-8B89D968D579}.Release|Any CPU.Build.0 = Release|Any CPU
		{005EECA8-4C18-4087-AC61-E497641E4767}.Debug|Any CPU.ActiveCfg = Debug|Any CPU
		{005EECA8-4C18-4087-AC61-E497641E4767}.Debug|Any CPU.Build.0 = Debug|Any CPU
		{005EECA8-4C18-4087-AC61-E497641E4767}.Release|Any CPU.ActiveCfg = Release|Any CPU
		{005EECA8-4C18-4087-AC61-E497641E4767}.Release|Any CPU.Build.0 = Release|Any CPU
	EndGlobalSection
	GlobalSection(SolutionProperties) = preSolution
		HideSolutionNode = FALSE
	EndGlobalSection
EndGlobal
